
Microsoft Visual Studio Solution File, Format Version 12.00
# Visual Studio Version 16
VisualStudioVersion = 16.0.30907.101
MinimumVisualStudioVersion = 10.0.40219.1
Project("{8BC9CEB8-8B4A-11D0-8D11-00A0C91BC942}") = "para3", "para3\para3.vcxproj", "{F5ADE9F1-16D8-44C5-9B5F-2C3CFA6A315E}"
EndProject
Global
	GlobalSection(SolutionConfigurationPlatforms) = preSolution
		Debug|x64 = Debug|x64
		Debug|x86 = Debug|x86
		Release|x64 = Release|x64
		Release|x86 = Release|x86
	EndGlobalSection
	GlobalSection(ProjectConfigurationPlatforms) = postSolution
		{F5ADE9F1-16D8-44C5-9B5F-2C3CFA6A315E}.Debug|x64.ActiveCfg = Debug|x64
		{F5ADE9F1-16D8-44C5-9B5F-2C3CFA6A315E}.Debug|x64.Build.0 = Debug|x64
		{F5ADE9F1-16D8-44C5-9B5F-2C3CFA6A315E}.Debug|x86.ActiveCfg = Debug|Win32
		{F5ADE9F1-16D8-44C5-9B5F-2C3CFA6A315E}.Debug|x86.Build.0 = Debug|Win32
		{F5ADE9F1-16D8-44C5-9B5F-2C3CFA6A315E}.Release|x64.ActiveCfg = Release|x64
		{F5ADE9F1-16D8-44C5-9B5F-2C3CFA6A315E}.Release|x64.Build.0 = Release|x64
		{F5ADE9F1-16D8-44C5-9B5F-2C3CFA6A315E}.Release|x86.ActiveCfg = Release|Win32
		{F5ADE9F1-16D8-44C5-9B5F-2C3CFA6A315E}.Release|x86.Build.0 = Release|Win32
	EndGlobalSection
	GlobalSection(SolutionProperties) = preSolution
		HideSolutionNode = FALSE
	EndGlobalSection
	GlobalSection(ExtensibilityGlobals) = postSolution
		SolutionGuid = {EEA0CD95-3274-43AB-BEAE-C7459560F96F}
	EndGlobalSection
EndGlobal
