
Microsoft Visual Studio Solution File, Format Version 12.00
# Visual Studio Version 16
VisualStudioVersion = 16.0.30907.101
MinimumVisualStudioVersion = 10.0.40219.1
Project("{8BC9CEB8-8B4A-11D0-8D11-00A0C91BC942}") = "first&second", "class\class.vcxproj", "{CF3388A8-03E1-4541-A76A-3A046F0FF931}"
EndProject
Project("{8BC9CEB8-8B4A-11D0-8D11-00A0C91BC942}") = "third", "third\third.vcxproj", "{E4122C65-C64F-446D-9440-87156DAA7498}"
EndProject
Global
	GlobalSection(SolutionConfigurationPlatforms) = preSolution
		Debug|x64 = Debug|x64
		Debug|x86 = Debug|x86
		Release|x64 = Release|x64
		Release|x86 = Release|x86
	EndGlobalSection
	GlobalSection(ProjectConfigurationPlatforms) = postSolution
		{CF3388A8-03E1-4541-A76A-3A046F0FF931}.Debug|x64.ActiveCfg = Debug|x64
		{CF3388A8-03E1-4541-A76A-3A046F0FF931}.Debug|x64.Build.0 = Debug|x64
		{CF3388A8-03E1-4541-A76A-3A046F0FF931}.Debug|x86.ActiveCfg = Debug|Win32
		{CF3388A8-03E1-4541-A76A-3A046F0FF931}.Debug|x86.Build.0 = Debug|Win32
		{CF3388A8-03E1-4541-A76A-3A046F0FF931}.Release|x64.ActiveCfg = Release|x64
		{CF3388A8-03E1-4541-A76A-3A046F0FF931}.Release|x64.Build.0 = Release|x64
		{CF3388A8-03E1-4541-A76A-3A046F0FF931}.Release|x86.ActiveCfg = Release|Win32
		{CF3388A8-03E1-4541-A76A-3A046F0FF931}.Release|x86.Build.0 = Release|Win32
		{E4122C65-C64F-446D-9440-87156DAA7498}.Debug|x64.ActiveCfg = Debug|x64
		{E4122C65-C64F-446D-9440-87156DAA7498}.Debug|x64.Build.0 = Debug|x64
		{E4122C65-C64F-446D-9440-87156DAA7498}.Debug|x86.ActiveCfg = Debug|Win32
		{E4122C65-C64F-446D-9440-87156DAA7498}.Debug|x86.Build.0 = Debug|Win32
		{E4122C65-C64F-446D-9440-87156DAA7498}.Release|x64.ActiveCfg = Release|x64
		{E4122C65-C64F-446D-9440-87156DAA7498}.Release|x64.Build.0 = Release|x64
		{E4122C65-C64F-446D-9440-87156DAA7498}.Release|x86.ActiveCfg = Release|Win32
		{E4122C65-C64F-446D-9440-87156DAA7498}.Release|x86.Build.0 = Release|Win32
	EndGlobalSection
	GlobalSection(SolutionProperties) = preSolution
		HideSolutionNode = FALSE
	EndGlobalSection
	GlobalSection(ExtensibilityGlobals) = postSolution
		SolutionGuid = {098D90C8-CCA2-405A-A22B-C3A5B659EFC9}
	EndGlobalSection
EndGlobal
